<Solution>
  <Project Path="MAUI/MAUI.csproj" />
  <Project Path="Namo.App/Namo.App.csproj" Id="4cc98a51-d1b0-49eb-8749-1ff8ffbef0a6" />
  <Project Path="Namo.Domain/Namo.Domain.csproj" />
  <Project Path="Namo.Infrastructure/Namo.Infrastructure.csproj" />
  <Project Path="WIN/WIN.csproj" />
</Solution>
