Microsoft Visual Studio Solution File, Format Version 12.00
# Visual Studio Version 17
VisualStudioVersion = 17.0.31912.275
MinimumVisualStudioVersion = 10.0.40219.1
Project("{FAE04EC0-301F-11D3-BF4B-00C04F79EFBC}") = "Domain", "Domain/Domain.csproj", "{1F97F841-58C1-4C0B-9841-90B32F2A5476}"
EndProject
Project("{FAE04EC0-301F-11D3-BF4B-00C04F79EFBC}") = "Infrastructure", "Infrastructure/Infrastructure.csproj", "{09F04B9D-750A-4927-AC96-FFB42DE7FC56}"
EndProject
Project("{FAE04EC0-301F-11D3-BF4B-00C04F79EFBC}") = "MAUI", "MAUI/MAUI.csproj", "{A3E707E6-F4D4-4ABA-82B3-5364EFE14533}"
EndProject
Project("{FAE04EC0-301F-11D3-BF4B-00C04F79EFBC}") = "WIN", "WIN/WIN.csproj", "{FC5E23BE-ED6B-40D1-9C04-C032F80A0469}"
EndProject
Global
    GlobalSection(SolutionConfigurationPlatforms) = preSolution
        Debug|Any CPU = Debug|Any CPU
        Release|Any CPU = Release|Any CPU
    EndGlobalSection
    GlobalSection(ProjectConfigurationPlatforms) = postSolution
        {1F97F841-58C1-4C0B-9841-90B32F2A5476}.Debug|Any CPU.ActiveCfg = Debug|Any CPU
        {1F97F841-58C1-4C0B-9841-90B32F2A5476}.Debug|Any CPU.Build.0 = Debug|Any CPU
        {1F97F841-58C1-4C0B-9841-90B32F2A5476}.Release|Any CPU.ActiveCfg = Release|Any CPU
        {1F97F841-58C1-4C0B-9841-90B32F2A5476}.Release|Any CPU.Build.0 = Release|Any CPU
        {09F04B9D-750A-4927-AC96-FFB42DE7FC56}.Debug|Any CPU.ActiveCfg = Debug|Any CPU
        {09F04B9D-750A-4927-AC96-FFB42DE7FC56}.Debug|Any CPU.Build.0 = Debug|Any CPU
        {09F04B9D-750A-4927-AC96-FFB42DE7FC56}.Release|Any CPU.ActiveCfg = Release|Any CPU
        {09F04B9D-750A-4927-AC96-FFB42DE7FC56}.Release|Any CPU.Build.0 = Release|Any CPU
        {A3E707E6-F4D4-4ABA-82B3-5364EFE14533}.Debug|Any CPU.ActiveCfg = Debug|Any CPU
        {A3E707E6-F4D4-4ABA-82B3-5364EFE14533}.Debug|Any CPU.Build.0 = Debug|Any CPU
        {A3E707E6-F4D4-4ABA-82B3-5364EFE14533}.Release|Any CPU.ActiveCfg = Release|Any CPU
        {A3E707E6-F4D4-4ABA-82B3-5364EFE14533}.Release|Any CPU.Build.0 = Release|Any CPU
        {FC5E23BE-ED6B-40D1-9C04-C032F80A0469}.Debug|Any CPU.ActiveCfg = Debug|Any CPU
        {FC5E23BE-ED6B-40D1-9C04-C032F80A0469}.Debug|Any CPU.Build.0 = Debug|Any CPU
        {FC5E23BE-ED6B-40D1-9C04-C032F80A0469}.Release|Any CPU.ActiveCfg = Release|Any CPU
        {FC5E23BE-ED6B-40D1-9C04-C032F80A0469}.Release|Any CPU.Build.0 = Release|Any CPU
    EndGlobalSection
    GlobalSection(SolutionProperties) = preSolution
        HideSolutionNode = FALSE
    EndGlobalSection
EndGlobal
